
Microsoft Visual Studio Solution File, Format Version 12.00
# Visual Studio Version 17
VisualStudioVersion = 17.11.35222.181
MinimumVisualStudioVersion = 10.0.40219.1
Project("{FAE04EC0-301F-11D3-BF4B-00C04F79EFBC}") = "Lr1", "Lr1\Lr1.csproj", "{75038ADE-0886-4FBA-94E5-DB452BE46D95}"
EndProject
Global
	GlobalSection(SolutionConfigurationPlatforms) = preSolution
		Debug|Any CPU = Debug|Any CPU
		Release|Any CPU = Release|Any CPU
	EndGlobalSection
	GlobalSection(ProjectConfigurationPlatforms) = postSolution
		{75038ADE-0886-4FBA-94E5-DB452BE46D95}.Debug|Any CPU.ActiveCfg = Debug|Any CPU
		{75038ADE-0886-4FBA-94E5-DB452BE46D95}.Debug|Any CPU.Build.0 = Debug|Any CPU
		{75038ADE-0886-4FBA-94E5-DB452BE46D95}.Release|Any CPU.ActiveCfg = Release|Any CPU
		{75038ADE-0886-4FBA-94E5-DB452BE46D95}.Release|Any CPU.Build.0 = Release|Any CPU
	EndGlobalSection
	GlobalSection(SolutionProperties) = preSolution
		HideSolutionNode = FALSE
	EndGlobalSection
	GlobalSection(ExtensibilityGlobals) = postSolution
		SolutionGuid = {3D8A36F2-FC7F-4A50-9B6B-6EFEA7FDB413}
	EndGlobalSection
EndGlobal
